// !$*UTF8*$!
{
	archiveVersion = 1;
	classes = {
	};
	objectVersion = 50;
	objects = {

/* Begin PBXBuildFile section */
		216A1619220E203900342707 /* AppDelegate.swift in Sources */ = {isa = PBXBuildFile; fileRef = 216A1618220E203900342707 /* AppDelegate.swift */; };
		216A161E220E203900342707 /* Main.storyboard in Resources */ = {isa = PBXBuildFile; fileRef = 216A161C220E203900342707 /* Main.storyboard */; };
		216A1621220E203900342707 /* Tradition_Keepers.xcdatamodeld in Sources */ = {isa = PBXBuildFile; fileRef = 216A161F220E203900342707 /* Tradition_Keepers.xcdatamodeld */; };
		216A1623220E203B00342707 /* Assets.xcassets in Resources */ = {isa = PBXBuildFile; fileRef = 216A1622220E203B00342707 /* Assets.xcassets */; };
		216A1626220E203B00342707 /* LaunchScreen.storyboard in Resources */ = {isa = PBXBuildFile; fileRef = 216A1624220E203B00342707 /* LaunchScreen.storyboard */; };
		216A1631220E203B00342707 /* Tradition_KeepersTests.swift in Sources */ = {isa = PBXBuildFile; fileRef = 216A1630220E203B00342707 /* Tradition_KeepersTests.swift */; };
		216A163C220E203B00342707 /* Tradition_KeepersUITests.swift in Sources */ = {isa = PBXBuildFile; fileRef = 216A163B220E203B00342707 /* Tradition_KeepersUITests.swift */; };
		216A1656220FCE2E00342707 /* LoginViewController.swift in Sources */ = {isa = PBXBuildFile; fileRef = 216A1655220FCE2E00342707 /* LoginViewController.swift */; };
		216F3383223ECB5100E7B989 /* NewActivityTableViewController.swift in Sources */ = {isa = PBXBuildFile; fileRef = 216F3382223ECB5100E7B989 /* NewActivityTableViewController.swift */; };
		216F3385223ED1A000E7B989 /* CategoryTableViewController.swift in Sources */ = {isa = PBXBuildFile; fileRef = 216F3384223ED1A000E7B989 /* CategoryTableViewController.swift */; };
		216F3387223ED1CD00E7B989 /* CategoryTableViewCell.swift in Sources */ = {isa = PBXBuildFile; fileRef = 216F3386223ED1CD00E7B989 /* CategoryTableViewCell.swift */; };
		216F3389223F14FB00E7B989 /* FirebaseWrapper.swift in Sources */ = {isa = PBXBuildFile; fileRef = 216F3388223F14FB00E7B989 /* FirebaseWrapper.swift */; };
		217652B8223C8D6D006886E8 /* Activity.swift in Sources */ = {isa = PBXBuildFile; fileRef = 217652B7223C8D6D006886E8 /* Activity.swift */; };
		2199A679223BEE1B00037C0F /* InstructionsTableViewCell.swift in Sources */ = {isa = PBXBuildFile; fileRef = 2199A678223BEE1B00037C0F /* InstructionsTableViewCell.swift */; };
		2199A67B223BEE2900037C0F /* MapTableViewCell.swift in Sources */ = {isa = PBXBuildFile; fileRef = 2199A67A223BEE2900037C0F /* MapTableViewCell.swift */; };
		2199A67D223BEED100037C0F /* ActivityDetailViewController.swift in Sources */ = {isa = PBXBuildFile; fileRef = 2199A67C223BEED100037C0F /* ActivityDetailViewController.swift */; };
		2199A680223C100900037C0F /* ActivityCollectionViewController.swift in Sources */ = {isa = PBXBuildFile; fileRef = 2199A67F223C100900037C0F /* ActivityCollectionViewController.swift */; };
		2199A682223C114B00037C0F /* ActivityCategoryCollectionViewCell.swift in Sources */ = {isa = PBXBuildFile; fileRef = 2199A681223C114B00037C0F /* ActivityCategoryCollectionViewCell.swift */; };
		2199A684223C40CF00037C0F /* CategoryViewController.swift in Sources */ = {isa = PBXBuildFile; fileRef = 2199A683223C40CF00037C0F /* CategoryViewController.swift */; };
		2199A686223C75D500037C0F /* User.swift in Sources */ = {isa = PBXBuildFile; fileRef = 2199A685223C75D500037C0F /* User.swift */; };
		21B8C9802224445A0037B1C5 /* NewUserViewController.swift in Sources */ = {isa = PBXBuildFile; fileRef = 21B8C97F2224445A0037B1C5 /* NewUserViewController.swift */; };
		21B8C983222444720037B1C5 /* NavTabBarController.swift in Sources */ = {isa = PBXBuildFile; fileRef = 21B8C982222444720037B1C5 /* NavTabBarController.swift */; };
		21DABC7E223AFAD400844CDF /* ActivityTableViewCell.swift in Sources */ = {isa = PBXBuildFile; fileRef = 21DABC7D223AFAD400844CDF /* ActivityTableViewCell.swift */; };
		21DABC80223AFB4600844CDF /* DashboardTableViewController.swift in Sources */ = {isa = PBXBuildFile; fileRef = 21DABC7F223AFB4600844CDF /* DashboardTableViewController.swift */; };
		21DABC82223B40EB00844CDF /* ProfileViewController.swift in Sources */ = {isa = PBXBuildFile; fileRef = 21DABC81223B40EB00844CDF /* ProfileViewController.swift */; };
		21FB3F0022243DE5005DCEF7 /* GoogleService-Info.plist in Resources */ = {isa = PBXBuildFile; fileRef = 21FB3EFF22243DE5005DCEF7 /* GoogleService-Info.plist */; };
		5DBC924EF3F416B342579341 /* Pods_Tradition_KeepersTests.framework in Frameworks */ = {isa = PBXBuildFile; fileRef = 5B1121B7AB89A56F7D3ADB2A /* Pods_Tradition_KeepersTests.framework */; };
		73CAB282991311005B3EC8F1 /* Pods_Tradition_KeepersUITests.framework in Frameworks */ = {isa = PBXBuildFile; fileRef = E8316737D819E520B6072977 /* Pods_Tradition_KeepersUITests.framework */; };
		BCF3290CA7A36187B014DF55 /* Pods_Tradition_Keepers.framework in Frameworks */ = {isa = PBXBuildFile; fileRef = 75D6A8DA6F2AF748DD83E3DB /* Pods_Tradition_Keepers.framework */; };
/* End PBXBuildFile section */

/* Begin PBXContainerItemProxy section */
		216A162D220E203B00342707 /* PBXContainerItemProxy */ = {
			isa = PBXContainerItemProxy;
			containerPortal = 216A160D220E203900342707 /* Project object */;
			proxyType = 1;
			remoteGlobalIDString = 216A1614220E203900342707;
			remoteInfo = "Tradition Keepers";
		};
		216A1638220E203B00342707 /* PBXContainerItemProxy */ = {
			isa = PBXContainerItemProxy;
			containerPortal = 216A160D220E203900342707 /* Project object */;
			proxyType = 1;
			remoteGlobalIDString = 216A1614220E203900342707;
			remoteInfo = "Tradition Keepers";
		};
/* End PBXContainerItemProxy section */

/* Begin PBXFileReference section */
		216A1615220E203900342707 /* Tradition Keepers.app */ = {isa = PBXFileReference; explicitFileType = wrapper.application; includeInIndex = 0; path = "Tradition Keepers.app"; sourceTree = BUILT_PRODUCTS_DIR; };
		216A1618220E203900342707 /* AppDelegate.swift */ = {isa = PBXFileReference; lastKnownFileType = sourcecode.swift; path = AppDelegate.swift; sourceTree = "<group>"; };
		216A161D220E203900342707 /* Base */ = {isa = PBXFileReference; lastKnownFileType = file.storyboard; name = Base; path = Base.lproj/Main.storyboard; sourceTree = "<group>"; };
		216A1620220E203900342707 /* Tradition_Keepers.xcdatamodel */ = {isa = PBXFileReference; lastKnownFileType = wrapper.xcdatamodel; path = Tradition_Keepers.xcdatamodel; sourceTree = "<group>"; };
		216A1622220E203B00342707 /* Assets.xcassets */ = {isa = PBXFileReference; lastKnownFileType = folder.assetcatalog; path = Assets.xcassets; sourceTree = "<group>"; };
		216A1625220E203B00342707 /* Base */ = {isa = PBXFileReference; lastKnownFileType = file.storyboard; name = Base; path = Base.lproj/LaunchScreen.storyboard; sourceTree = "<group>"; };
		216A1627220E203B00342707 /* Info.plist */ = {isa = PBXFileReference; lastKnownFileType = text.plist.xml; path = Info.plist; sourceTree = "<group>"; };
		216A162C220E203B00342707 /* Tradition KeepersTests.xctest */ = {isa = PBXFileReference; explicitFileType = wrapper.cfbundle; includeInIndex = 0; path = "Tradition KeepersTests.xctest"; sourceTree = BUILT_PRODUCTS_DIR; };
		216A1630220E203B00342707 /* Tradition_KeepersTests.swift */ = {isa = PBXFileReference; lastKnownFileType = sourcecode.swift; path = Tradition_KeepersTests.swift; sourceTree = "<group>"; };
		216A1632220E203B00342707 /* Info.plist */ = {isa = PBXFileReference; lastKnownFileType = text.plist.xml; path = Info.plist; sourceTree = "<group>"; };
		216A1637220E203B00342707 /* Tradition KeepersUITests.xctest */ = {isa = PBXFileReference; explicitFileType = wrapper.cfbundle; includeInIndex = 0; path = "Tradition KeepersUITests.xctest"; sourceTree = BUILT_PRODUCTS_DIR; };
		216A163B220E203B00342707 /* Tradition_KeepersUITests.swift */ = {isa = PBXFileReference; lastKnownFileType = sourcecode.swift; path = Tradition_KeepersUITests.swift; sourceTree = "<group>"; };
		216A163D220E203B00342707 /* Info.plist */ = {isa = PBXFileReference; lastKnownFileType = text.plist.xml; path = Info.plist; sourceTree = "<group>"; };
		216A1655220FCE2E00342707 /* LoginViewController.swift */ = {isa = PBXFileReference; lastKnownFileType = sourcecode.swift; path = LoginViewController.swift; sourceTree = "<group>"; };
		216F3382223ECB5100E7B989 /* NewActivityTableViewController.swift */ = {isa = PBXFileReference; lastKnownFileType = sourcecode.swift; path = NewActivityTableViewController.swift; sourceTree = "<group>"; };
		216F3384223ED1A000E7B989 /* CategoryTableViewController.swift */ = {isa = PBXFileReference; lastKnownFileType = sourcecode.swift; path = CategoryTableViewController.swift; sourceTree = "<group>"; };
		216F3386223ED1CD00E7B989 /* CategoryTableViewCell.swift */ = {isa = PBXFileReference; lastKnownFileType = sourcecode.swift; path = CategoryTableViewCell.swift; sourceTree = "<group>"; };
		216F3388223F14FB00E7B989 /* FirebaseWrapper.swift */ = {isa = PBXFileReference; lastKnownFileType = sourcecode.swift; path = FirebaseWrapper.swift; sourceTree = "<group>"; };
		217652B7223C8D6D006886E8 /* Activity.swift */ = {isa = PBXFileReference; lastKnownFileType = sourcecode.swift; path = Activity.swift; sourceTree = "<group>"; };
		2199A678223BEE1B00037C0F /* InstructionsTableViewCell.swift */ = {isa = PBXFileReference; lastKnownFileType = sourcecode.swift; path = InstructionsTableViewCell.swift; sourceTree = "<group>"; };
		2199A67A223BEE2900037C0F /* MapTableViewCell.swift */ = {isa = PBXFileReference; lastKnownFileType = sourcecode.swift; path = MapTableViewCell.swift; sourceTree = "<group>"; };
		2199A67C223BEED100037C0F /* ActivityDetailViewController.swift */ = {isa = PBXFileReference; lastKnownFileType = sourcecode.swift; path = ActivityDetailViewController.swift; sourceTree = "<group>"; };
		2199A67F223C100900037C0F /* ActivityCollectionViewController.swift */ = {isa = PBXFileReference; lastKnownFileType = sourcecode.swift; path = ActivityCollectionViewController.swift; sourceTree = "<group>"; };
		2199A681223C114B00037C0F /* ActivityCategoryCollectionViewCell.swift */ = {isa = PBXFileReference; lastKnownFileType = sourcecode.swift; path = ActivityCategoryCollectionViewCell.swift; sourceTree = "<group>"; };
		2199A683223C40CF00037C0F /* CategoryViewController.swift */ = {isa = PBXFileReference; lastKnownFileType = sourcecode.swift; path = CategoryViewController.swift; sourceTree = "<group>"; xcLanguageSpecificationIdentifier = xcode.lang.swift; };
		2199A685223C75D500037C0F /* User.swift */ = {isa = PBXFileReference; lastKnownFileType = sourcecode.swift; path = User.swift; sourceTree = "<group>"; xcLanguageSpecificationIdentifier = xcode.lang.swift; };
		21B8C97F2224445A0037B1C5 /* NewUserViewController.swift */ = {isa = PBXFileReference; fileEncoding = 4; lastKnownFileType = sourcecode.swift; path = NewUserViewController.swift; sourceTree = "<group>"; };
		21B8C982222444720037B1C5 /* NavTabBarController.swift */ = {isa = PBXFileReference; fileEncoding = 4; lastKnownFileType = sourcecode.swift; path = NavTabBarController.swift; sourceTree = "<group>"; };
		21DABC7D223AFAD400844CDF /* ActivityTableViewCell.swift */ = {isa = PBXFileReference; lastKnownFileType = sourcecode.swift; path = ActivityTableViewCell.swift; sourceTree = "<group>"; };
		21DABC7F223AFB4600844CDF /* DashboardTableViewController.swift */ = {isa = PBXFileReference; lastKnownFileType = sourcecode.swift; path = DashboardTableViewController.swift; sourceTree = "<group>"; };
		21DABC81223B40EB00844CDF /* ProfileViewController.swift */ = {isa = PBXFileReference; lastKnownFileType = sourcecode.swift; path = ProfileViewController.swift; sourceTree = "<group>"; };
		21FB3EFF22243DE5005DCEF7 /* GoogleService-Info.plist */ = {isa = PBXFileReference; fileEncoding = 4; lastKnownFileType = text.plist.xml; path = "GoogleService-Info.plist"; sourceTree = "<group>"; };
		2244324DF98B6D4A624B79F2 /* Pods-Tradition KeepersTests.debug.xcconfig */ = {isa = PBXFileReference; includeInIndex = 1; lastKnownFileType = text.xcconfig; name = "Pods-Tradition KeepersTests.debug.xcconfig"; path = "Target Support Files/Pods-Tradition KeepersTests/Pods-Tradition KeepersTests.debug.xcconfig"; sourceTree = "<group>"; };
		4E86EFED80C8EFD09DEF2C16 /* Pods-Tradition KeepersTests.release.xcconfig */ = {isa = PBXFileReference; includeInIndex = 1; lastKnownFileType = text.xcconfig; name = "Pods-Tradition KeepersTests.release.xcconfig"; path = "Target Support Files/Pods-Tradition KeepersTests/Pods-Tradition KeepersTests.release.xcconfig"; sourceTree = "<group>"; };
		55D14E1E7BBC2E38FD0987A1 /* Pods-Tradition Keepers.debug.xcconfig */ = {isa = PBXFileReference; includeInIndex = 1; lastKnownFileType = text.xcconfig; name = "Pods-Tradition Keepers.debug.xcconfig"; path = "Target Support Files/Pods-Tradition Keepers/Pods-Tradition Keepers.debug.xcconfig"; sourceTree = "<group>"; };
		5B1121B7AB89A56F7D3ADB2A /* Pods_Tradition_KeepersTests.framework */ = {isa = PBXFileReference; explicitFileType = wrapper.framework; includeInIndex = 0; path = Pods_Tradition_KeepersTests.framework; sourceTree = BUILT_PRODUCTS_DIR; };
		75D6A8DA6F2AF748DD83E3DB /* Pods_Tradition_Keepers.framework */ = {isa = PBXFileReference; explicitFileType = wrapper.framework; includeInIndex = 0; path = Pods_Tradition_Keepers.framework; sourceTree = BUILT_PRODUCTS_DIR; };
		9D5DA92CCD985A59FB6EA6C8 /* Pods-Tradition KeepersUITests.debug.xcconfig */ = {isa = PBXFileReference; includeInIndex = 1; lastKnownFileType = text.xcconfig; name = "Pods-Tradition KeepersUITests.debug.xcconfig"; path = "Target Support Files/Pods-Tradition KeepersUITests/Pods-Tradition KeepersUITests.debug.xcconfig"; sourceTree = "<group>"; };
		DA82508B167FE7B6B461D855 /* Pods-Tradition Keepers.release.xcconfig */ = {isa = PBXFileReference; includeInIndex = 1; lastKnownFileType = text.xcconfig; name = "Pods-Tradition Keepers.release.xcconfig"; path = "Target Support Files/Pods-Tradition Keepers/Pods-Tradition Keepers.release.xcconfig"; sourceTree = "<group>"; };
		E71860861771B4BE6D07F90E /* Pods-Tradition KeepersUITests.release.xcconfig */ = {isa = PBXFileReference; includeInIndex = 1; lastKnownFileType = text.xcconfig; name = "Pods-Tradition KeepersUITests.release.xcconfig"; path = "Target Support Files/Pods-Tradition KeepersUITests/Pods-Tradition KeepersUITests.release.xcconfig"; sourceTree = "<group>"; };
		E8316737D819E520B6072977 /* Pods_Tradition_KeepersUITests.framework */ = {isa = PBXFileReference; explicitFileType = wrapper.framework; includeInIndex = 0; path = Pods_Tradition_KeepersUITests.framework; sourceTree = BUILT_PRODUCTS_DIR; };
/* End PBXFileReference section */

/* Begin PBXFrameworksBuildPhase section */
		216A1612220E203900342707 /* Frameworks */ = {
			isa = PBXFrameworksBuildPhase;
			buildActionMask = 2147483647;
			files = (
				BCF3290CA7A36187B014DF55 /* Pods_Tradition_Keepers.framework in Frameworks */,
			);
			runOnlyForDeploymentPostprocessing = 0;
		};
		216A1629220E203B00342707 /* Frameworks */ = {
			isa = PBXFrameworksBuildPhase;
			buildActionMask = 2147483647;
			files = (
				5DBC924EF3F416B342579341 /* Pods_Tradition_KeepersTests.framework in Frameworks */,
			);
			runOnlyForDeploymentPostprocessing = 0;
		};
		216A1634220E203B00342707 /* Frameworks */ = {
			isa = PBXFrameworksBuildPhase;
			buildActionMask = 2147483647;
			files = (
				73CAB282991311005B3EC8F1 /* Pods_Tradition_KeepersUITests.framework in Frameworks */,
			);
			runOnlyForDeploymentPostprocessing = 0;
		};
/* End PBXFrameworksBuildPhase section */

/* Begin PBXGroup section */
		216A160C220E203900342707 = {
			isa = PBXGroup;
			children = (
				216A1617220E203900342707 /* Tradition Keepers */,
				216A162F220E203B00342707 /* Tradition KeepersTests */,
				216A163A220E203B00342707 /* Tradition KeepersUITests */,
				216A1616220E203900342707 /* Products */,
				F483DDD8DD71050F78FDE725 /* Pods */,
				296DF8C02F69D23D43B84F0F /* Frameworks */,
			);
			sourceTree = "<group>";
		};
		216A1616220E203900342707 /* Products */ = {
			isa = PBXGroup;
			children = (
				216A1615220E203900342707 /* Tradition Keepers.app */,
				216A162C220E203B00342707 /* Tradition KeepersTests.xctest */,
				216A1637220E203B00342707 /* Tradition KeepersUITests.xctest */,
			);
			name = Products;
			sourceTree = "<group>";
		};
		216A1617220E203900342707 /* Tradition Keepers */ = {
			isa = PBXGroup;
			children = (
				216F3381223ECB3700E7B989 /* New Activity */,
				217652B6223C8D50006886E8 /* Wrappers */,
				216A161C220E203900342707 /* Main.storyboard */,
				216A1624220E203B00342707 /* LaunchScreen.storyboard */,
				216A1654220FCDBA00342707 /* Login View */,
				21B8C981222444720037B1C5 /* Tab Controller */,
				21DABC7C223AFAAA00844CDF /* Dashboard */,
				21DABC7B223AFA7000844CDF /* ProfileView */,
				2199A67E223C0FDF00037C0F /* ActivityCollection */,
				2199A677223BEDE900037C0F /* Activity View */,
				216A1651220FCC3C00342707 /* Stuff */,
			);
			path = "Tradition Keepers";
			sourceTree = "<group>";
		};
		216A162F220E203B00342707 /* Tradition KeepersTests */ = {
			isa = PBXGroup;
			children = (
				216A1630220E203B00342707 /* Tradition_KeepersTests.swift */,
				216A1632220E203B00342707 /* Info.plist */,
			);
			path = "Tradition KeepersTests";
			sourceTree = "<group>";
		};
		216A163A220E203B00342707 /* Tradition KeepersUITests */ = {
			isa = PBXGroup;
			children = (
				216A163B220E203B00342707 /* Tradition_KeepersUITests.swift */,
				216A163D220E203B00342707 /* Info.plist */,
			);
			path = "Tradition KeepersUITests";
			sourceTree = "<group>";
		};
		216A1651220FCC3C00342707 /* Stuff */ = {
			isa = PBXGroup;
			children = (
				216A1618220E203900342707 /* AppDelegate.swift */,
				216A1622220E203B00342707 /* Assets.xcassets */,
				216A1627220E203B00342707 /* Info.plist */,
				216A161F220E203900342707 /* Tradition_Keepers.xcdatamodeld */,
				21FB3EFF22243DE5005DCEF7 /* GoogleService-Info.plist */,
			);
			path = Stuff;
			sourceTree = "<group>";
		};
		216A1654220FCDBA00342707 /* Login View */ = {
			isa = PBXGroup;
			children = (
				216A1655220FCE2E00342707 /* LoginViewController.swift */,
				21B8C97F2224445A0037B1C5 /* NewUserViewController.swift */,
			);
			path = "Login View";
			sourceTree = "<group>";
		};
		216F3381223ECB3700E7B989 /* New Activity */ = {
			isa = PBXGroup;
			children = (
				216F3382223ECB5100E7B989 /* NewActivityTableViewController.swift */,
				216F3384223ED1A000E7B989 /* CategoryTableViewController.swift */,
				216F3386223ED1CD00E7B989 /* CategoryTableViewCell.swift */,
			);
			path = "New Activity";
			sourceTree = "<group>";
		};
		217652B6223C8D50006886E8 /* Wrappers */ = {
			isa = PBXGroup;
			children = (
				2199A685223C75D500037C0F /* User.swift */,
				217652B7223C8D6D006886E8 /* Activity.swift */,
				216F3388223F14FB00E7B989 /* FirebaseWrapper.swift */,
			);
			path = Wrappers;
			sourceTree = "<group>";
		};
		2199A677223BEDE900037C0F /* Activity View */ = {
			isa = PBXGroup;
			children = (
				2199A678223BEE1B00037C0F /* InstructionsTableViewCell.swift */,
				2199A67A223BEE2900037C0F /* MapTableViewCell.swift */,
				2199A67C223BEED100037C0F /* ActivityDetailViewController.swift */,
			);
			path = "Activity View";
			sourceTree = "<group>";
		};
		2199A67E223C0FDF00037C0F /* ActivityCollection */ = {
			isa = PBXGroup;
			children = (
				2199A67F223C100900037C0F /* ActivityCollectionViewController.swift */,
				2199A681223C114B00037C0F /* ActivityCategoryCollectionViewCell.swift */,
				2199A683223C40CF00037C0F /* CategoryViewController.swift */,
			);
			path = ActivityCollection;
			sourceTree = "<group>";
		};
		21B8C981222444720037B1C5 /* Tab Controller */ = {
			isa = PBXGroup;
			children = (
				21B8C982222444720037B1C5 /* NavTabBarController.swift */,
			);
			path = "Tab Controller";
			sourceTree = "<group>";
		};
		21DABC7B223AFA7000844CDF /* ProfileView */ = {
			isa = PBXGroup;
			children = (
				21DABC81223B40EB00844CDF /* ProfileViewController.swift */,
			);
			path = ProfileView;
			sourceTree = "<group>";
		};
		21DABC7C223AFAAA00844CDF /* Dashboard */ = {
			isa = PBXGroup;
			children = (
				21DABC7D223AFAD400844CDF /* ActivityTableViewCell.swift */,
				21DABC7F223AFB4600844CDF /* DashboardTableViewController.swift */,
			);
			path = Dashboard;
			sourceTree = "<group>";
		};
		296DF8C02F69D23D43B84F0F /* Frameworks */ = {
			isa = PBXGroup;
			children = (
				75D6A8DA6F2AF748DD83E3DB /* Pods_Tradition_Keepers.framework */,
				5B1121B7AB89A56F7D3ADB2A /* Pods_Tradition_KeepersTests.framework */,
				E8316737D819E520B6072977 /* Pods_Tradition_KeepersUITests.framework */,
			);
			name = Frameworks;
			sourceTree = "<group>";
		};
		F483DDD8DD71050F78FDE725 /* Pods */ = {
			isa = PBXGroup;
			children = (
				55D14E1E7BBC2E38FD0987A1 /* Pods-Tradition Keepers.debug.xcconfig */,
				DA82508B167FE7B6B461D855 /* Pods-Tradition Keepers.release.xcconfig */,
				2244324DF98B6D4A624B79F2 /* Pods-Tradition KeepersTests.debug.xcconfig */,
				4E86EFED80C8EFD09DEF2C16 /* Pods-Tradition KeepersTests.release.xcconfig */,
				9D5DA92CCD985A59FB6EA6C8 /* Pods-Tradition KeepersUITests.debug.xcconfig */,
				E71860861771B4BE6D07F90E /* Pods-Tradition KeepersUITests.release.xcconfig */,
			);
			path = Pods;
			sourceTree = "<group>";
		};
/* End PBXGroup section */

/* Begin PBXNativeTarget section */
		216A1614220E203900342707 /* Tradition Keepers */ = {
			isa = PBXNativeTarget;
			buildConfigurationList = 216A1640220E203B00342707 /* Build configuration list for PBXNativeTarget "Tradition Keepers" */;
			buildPhases = (
				6AC5E3DA2D46F7FEF827566A /* [CP] Check Pods Manifest.lock */,
				216A1611220E203900342707 /* Sources */,
				216A1612220E203900342707 /* Frameworks */,
				216A1613220E203900342707 /* Resources */,
				572081D7353AE800C5BC1B6F /* [CP] Embed Pods Frameworks */,
			);
			buildRules = (
			);
			dependencies = (
			);
			name = "Tradition Keepers";
			productName = "Tradition Keepers";
			productReference = 216A1615220E203900342707 /* Tradition Keepers.app */;
			productType = "com.apple.product-type.application";
		};
		216A162B220E203B00342707 /* Tradition KeepersTests */ = {
			isa = PBXNativeTarget;
			buildConfigurationList = 216A1643220E203B00342707 /* Build configuration list for PBXNativeTarget "Tradition KeepersTests" */;
			buildPhases = (
				2B427D132805F70993C5ED15 /* [CP] Check Pods Manifest.lock */,
				216A1628220E203B00342707 /* Sources */,
				216A1629220E203B00342707 /* Frameworks */,
				216A162A220E203B00342707 /* Resources */,
			);
			buildRules = (
			);
			dependencies = (
				216A162E220E203B00342707 /* PBXTargetDependency */,
			);
			name = "Tradition KeepersTests";
			productName = "Tradition KeepersTests";
			productReference = 216A162C220E203B00342707 /* Tradition KeepersTests.xctest */;
			productType = "com.apple.product-type.bundle.unit-test";
		};
		216A1636220E203B00342707 /* Tradition KeepersUITests */ = {
			isa = PBXNativeTarget;
			buildConfigurationList = 216A1646220E203B00342707 /* Build configuration list for PBXNativeTarget "Tradition KeepersUITests" */;
			buildPhases = (
				90164D95763F33CB9679B7ED /* [CP] Check Pods Manifest.lock */,
				216A1633220E203B00342707 /* Sources */,
				216A1634220E203B00342707 /* Frameworks */,
				216A1635220E203B00342707 /* Resources */,
			);
			buildRules = (
			);
			dependencies = (
				216A1639220E203B00342707 /* PBXTargetDependency */,
			);
			name = "Tradition KeepersUITests";
			productName = "Tradition KeepersUITests";
			productReference = 216A1637220E203B00342707 /* Tradition KeepersUITests.xctest */;
			productType = "com.apple.product-type.bundle.ui-testing";
		};
/* End PBXNativeTarget section */

/* Begin PBXProject section */
		216A160D220E203900342707 /* Project object */ = {
			isa = PBXProject;
			attributes = {
				LastSwiftUpdateCheck = 1010;
				LastUpgradeCheck = 1010;
				ORGANIZATIONNAME = "East Tennessee State Univeristy";
				TargetAttributes = {
					216A1614220E203900342707 = {
						CreatedOnToolsVersion = 10.1;
					};
					216A162B220E203B00342707 = {
						CreatedOnToolsVersion = 10.1;
						TestTargetID = 216A1614220E203900342707;
					};
					216A1636220E203B00342707 = {
						CreatedOnToolsVersion = 10.1;
						TestTargetID = 216A1614220E203900342707;
					};
				};
			};
			buildConfigurationList = 216A1610220E203900342707 /* Build configuration list for PBXProject "Tradition Keepers" */;
			compatibilityVersion = "Xcode 9.3";
			developmentRegion = en;
			hasScannedForEncodings = 0;
			knownRegions = (
				en,
				Base,
			);
			mainGroup = 216A160C220E203900342707;
			productRefGroup = 216A1616220E203900342707 /* Products */;
			projectDirPath = "";
			projectRoot = "";
			targets = (
				216A1614220E203900342707 /* Tradition Keepers */,
				216A162B220E203B00342707 /* Tradition KeepersTests */,
				216A1636220E203B00342707 /* Tradition KeepersUITests */,
			);
		};
/* End PBXProject section */

/* Begin PBXResourcesBuildPhase section */
		216A1613220E203900342707 /* Resources */ = {
			isa = PBXResourcesBuildPhase;
			buildActionMask = 2147483647;
			files = (
				216A1626220E203B00342707 /* LaunchScreen.storyboard in Resources */,
				21FB3F0022243DE5005DCEF7 /* GoogleService-Info.plist in Resources */,
				216A1623220E203B00342707 /* Assets.xcassets in Resources */,
				216A161E220E203900342707 /* Main.storyboard in Resources */,
			);
			runOnlyForDeploymentPostprocessing = 0;
		};
		216A162A220E203B00342707 /* Resources */ = {
			isa = PBXResourcesBuildPhase;
			buildActionMask = 2147483647;
			files = (
			);
			runOnlyForDeploymentPostprocessing = 0;
		};
		216A1635220E203B00342707 /* Resources */ = {
			isa = PBXResourcesBuildPhase;
			buildActionMask = 2147483647;
			files = (
			);
			runOnlyForDeploymentPostprocessing = 0;
		};
/* End PBXResourcesBuildPhase section */

/* Begin PBXShellScriptBuildPhase section */
		2B427D132805F70993C5ED15 /* [CP] Check Pods Manifest.lock */ = {
			isa = PBXShellScriptBuildPhase;
			buildActionMask = 2147483647;
			files = (
			);
			inputFileListPaths = (
			);
			inputPaths = (
				"${PODS_PODFILE_DIR_PATH}/Podfile.lock",
				"${PODS_ROOT}/Manifest.lock",
			);
			name = "[CP] Check Pods Manifest.lock";
			outputFileListPaths = (
			);
			outputPaths = (
				"$(DERIVED_FILE_DIR)/Pods-Tradition KeepersTests-checkManifestLockResult.txt",
			);
			runOnlyForDeploymentPostprocessing = 0;
			shellPath = /bin/sh;
			shellScript = "diff \"${PODS_PODFILE_DIR_PATH}/Podfile.lock\" \"${PODS_ROOT}/Manifest.lock\" > /dev/null\nif [ $? != 0 ] ; then\n    # print error to STDERR\n    echo \"error: The sandbox is not in sync with the Podfile.lock. Run 'pod install' or update your CocoaPods installation.\" >&2\n    exit 1\nfi\n# This output is used by Xcode 'outputs' to avoid re-running this script phase.\necho \"SUCCESS\" > \"${SCRIPT_OUTPUT_FILE_0}\"\n";
			showEnvVarsInLog = 0;
		};
		572081D7353AE800C5BC1B6F /* [CP] Embed Pods Frameworks */ = {
			isa = PBXShellScriptBuildPhase;
			buildActionMask = 2147483647;
			files = (
			);
			inputFileListPaths = (
			);
			inputPaths = (
				"${PODS_ROOT}/Target Support Files/Pods-Tradition Keepers/Pods-Tradition Keepers-frameworks.sh",
				"${BUILT_PRODUCTS_DIR}/BoringSSL-GRPC/openssl_grpc.framework",
				"${BUILT_PRODUCTS_DIR}/GTMSessionFetcher/GTMSessionFetcher.framework",
				"${BUILT_PRODUCTS_DIR}/GoogleUtilities/GoogleUtilities.framework",
				"${BUILT_PRODUCTS_DIR}/Protobuf/Protobuf.framework",
				"${BUILT_PRODUCTS_DIR}/gRPC-C++/grpcpp.framework",
				"${BUILT_PRODUCTS_DIR}/gRPC-Core/grpc.framework",
				"${BUILT_PRODUCTS_DIR}/leveldb-library/leveldb.framework",
				"${BUILT_PRODUCTS_DIR}/nanopb/nanopb.framework",
			);
			name = "[CP] Embed Pods Frameworks";
			outputFileListPaths = (
			);
			outputPaths = (
				"${TARGET_BUILD_DIR}/${FRAMEWORKS_FOLDER_PATH}/openssl_grpc.framework",
				"${TARGET_BUILD_DIR}/${FRAMEWORKS_FOLDER_PATH}/GTMSessionFetcher.framework",
				"${TARGET_BUILD_DIR}/${FRAMEWORKS_FOLDER_PATH}/GoogleUtilities.framework",
				"${TARGET_BUILD_DIR}/${FRAMEWORKS_FOLDER_PATH}/Protobuf.framework",
				"${TARGET_BUILD_DIR}/${FRAMEWORKS_FOLDER_PATH}/grpcpp.framework",
				"${TARGET_BUILD_DIR}/${FRAMEWORKS_FOLDER_PATH}/grpc.framework",
				"${TARGET_BUILD_DIR}/${FRAMEWORKS_FOLDER_PATH}/leveldb.framework",
				"${TARGET_BUILD_DIR}/${FRAMEWORKS_FOLDER_PATH}/nanopb.framework",
			);
			runOnlyForDeploymentPostprocessing = 0;
			shellPath = /bin/sh;
			shellScript = "\"${PODS_ROOT}/Target Support Files/Pods-Tradition Keepers/Pods-Tradition Keepers-frameworks.sh\"\n";
			showEnvVarsInLog = 0;
		};
		6AC5E3DA2D46F7FEF827566A /* [CP] Check Pods Manifest.lock */ = {
			isa = PBXShellScriptBuildPhase;
			buildActionMask = 2147483647;
			files = (
			);
			inputFileListPaths = (
			);
			inputPaths = (
				"${PODS_PODFILE_DIR_PATH}/Podfile.lock",
				"${PODS_ROOT}/Manifest.lock",
			);
			name = "[CP] Check Pods Manifest.lock";
			outputFileListPaths = (
			);
			outputPaths = (
				"$(DERIVED_FILE_DIR)/Pods-Tradition Keepers-checkManifestLockResult.txt",
			);
			runOnlyForDeploymentPostprocessing = 0;
			shellPath = /bin/sh;
			shellScript = "diff \"${PODS_PODFILE_DIR_PATH}/Podfile.lock\" \"${PODS_ROOT}/Manifest.lock\" > /dev/null\nif [ $? != 0 ] ; then\n    # print error to STDERR\n    echo \"error: The sandbox is not in sync with the Podfile.lock. Run 'pod install' or update your CocoaPods installation.\" >&2\n    exit 1\nfi\n# This output is used by Xcode 'outputs' to avoid re-running this script phase.\necho \"SUCCESS\" > \"${SCRIPT_OUTPUT_FILE_0}\"\n";
			showEnvVarsInLog = 0;
		};
		90164D95763F33CB9679B7ED /* [CP] Check Pods Manifest.lock */ = {
			isa = PBXShellScriptBuildPhase;
			buildActionMask = 2147483647;
			files = (
			);
			inputFileListPaths = (
			);
			inputPaths = (
				"${PODS_PODFILE_DIR_PATH}/Podfile.lock",
				"${PODS_ROOT}/Manifest.lock",
			);
			name = "[CP] Check Pods Manifest.lock";
			outputFileListPaths = (
			);
			outputPaths = (
				"$(DERIVED_FILE_DIR)/Pods-Tradition KeepersUITests-checkManifestLockResult.txt",
			);
			runOnlyForDeploymentPostprocessing = 0;
			shellPath = /bin/sh;
			shellScript = "diff \"${PODS_PODFILE_DIR_PATH}/Podfile.lock\" \"${PODS_ROOT}/Manifest.lock\" > /dev/null\nif [ $? != 0 ] ; then\n    # print error to STDERR\n    echo \"error: The sandbox is not in sync with the Podfile.lock. Run 'pod install' or update your CocoaPods installation.\" >&2\n    exit 1\nfi\n# This output is used by Xcode 'outputs' to avoid re-running this script phase.\necho \"SUCCESS\" > \"${SCRIPT_OUTPUT_FILE_0}\"\n";
			showEnvVarsInLog = 0;
		};
/* End PBXShellScriptBuildPhase section */

/* Begin PBXSourcesBuildPhase section */
		216A1611220E203900342707 /* Sources */ = {
			isa = PBXSourcesBuildPhase;
			buildActionMask = 2147483647;
			files = (
				217652B8223C8D6D006886E8 /* Activity.swift in Sources */,
				2199A67D223BEED100037C0F /* ActivityDetailViewController.swift in Sources */,
				216A1656220FCE2E00342707 /* LoginViewController.swift in Sources */,
				21DABC7E223AFAD400844CDF /* ActivityTableViewCell.swift in Sources */,
				216F3385223ED1A000E7B989 /* CategoryTableViewController.swift in Sources */,
				2199A686223C75D500037C0F /* User.swift in Sources */,
				21B8C983222444720037B1C5 /* NavTabBarController.swift in Sources */,
				216F3383223ECB5100E7B989 /* NewActivityTableViewController.swift in Sources */,
				216A1621220E203900342707 /* Tradition_Keepers.xcdatamodeld in Sources */,
				21DABC82223B40EB00844CDF /* ProfileViewController.swift in Sources */,
				21DABC80223AFB4600844CDF /* DashboardTableViewController.swift in Sources */,
				2199A680223C100900037C0F /* ActivityCollectionViewController.swift in Sources */,
				2199A679223BEE1B00037C0F /* InstructionsTableViewCell.swift in Sources */,
				2199A67B223BEE2900037C0F /* MapTableViewCell.swift in Sources */,
				216F3387223ED1CD00E7B989 /* CategoryTableViewCell.swift in Sources */,
				216A1619220E203900342707 /* AppDelegate.swift in Sources */,
				216F3389223F14FB00E7B989 /* FirebaseWrapper.swift in Sources */,
				2199A682223C114B00037C0F /* ActivityCategoryCollectionViewCell.swift in Sources */,
				2199A684223C40CF00037C0F /* CategoryViewController.swift in Sources */,
				21B8C9802224445A0037B1C5 /* NewUserViewController.swift in Sources */,
			);
			runOnlyForDeploymentPostprocessing = 0;
		};
		216A1628220E203B00342707 /* Sources */ = {
			isa = PBXSourcesBuildPhase;
			buildActionMask = 2147483647;
			files = (
				216A1631220E203B00342707 /* Tradition_KeepersTests.swift in Sources */,
			);
			runOnlyForDeploymentPostprocessing = 0;
		};
		216A1633220E203B00342707 /* Sources */ = {
			isa = PBXSourcesBuildPhase;
			buildActionMask = 2147483647;
			files = (
				216A163C220E203B00342707 /* Tradition_KeepersUITests.swift in Sources */,
			);
			runOnlyForDeploymentPostprocessing = 0;
		};
/* End PBXSourcesBuildPhase section */

/* Begin PBXTargetDependency section */
		216A162E220E203B00342707 /* PBXTargetDependency */ = {
			isa = PBXTargetDependency;
			target = 216A1614220E203900342707 /* Tradition Keepers */;
			targetProxy = 216A162D220E203B00342707 /* PBXContainerItemProxy */;
		};
		216A1639220E203B00342707 /* PBXTargetDependency */ = {
			isa = PBXTargetDependency;
			target = 216A1614220E203900342707 /* Tradition Keepers */;
			targetProxy = 216A1638220E203B00342707 /* PBXContainerItemProxy */;
		};
/* End PBXTargetDependency section */

/* Begin PBXVariantGroup section */
		216A161C220E203900342707 /* Main.storyboard */ = {
			isa = PBXVariantGroup;
			children = (
				216A161D220E203900342707 /* Base */,
			);
			name = Main.storyboard;
			sourceTree = "<group>";
		};
		216A1624220E203B00342707 /* LaunchScreen.storyboard */ = {
			isa = PBXVariantGroup;
			children = (
				216A1625220E203B00342707 /* Base */,
			);
			name = LaunchScreen.storyboard;
			sourceTree = "<group>";
		};
/* End PBXVariantGroup section */

/* Begin XCBuildConfiguration section */
		216A163E220E203B00342707 /* Debug */ = {
			isa = XCBuildConfiguration;
			buildSettings = {
				ALWAYS_SEARCH_USER_PATHS = NO;
				CLANG_ANALYZER_NONNULL = YES;
				CLANG_ANALYZER_NUMBER_OBJECT_CONVERSION = YES_AGGRESSIVE;
				CLANG_CXX_LANGUAGE_STANDARD = "gnu++14";
				CLANG_CXX_LIBRARY = "libc++";
				CLANG_ENABLE_MODULES = YES;
				CLANG_ENABLE_OBJC_ARC = YES;
				CLANG_ENABLE_OBJC_WEAK = YES;
				CLANG_WARN_BLOCK_CAPTURE_AUTORELEASING = YES;
				CLANG_WARN_BOOL_CONVERSION = YES;
				CLANG_WARN_COMMA = YES;
				CLANG_WARN_CONSTANT_CONVERSION = YES;
				CLANG_WARN_DEPRECATED_OBJC_IMPLEMENTATIONS = YES;
				CLANG_WARN_DIRECT_OBJC_ISA_USAGE = YES_ERROR;
				CLANG_WARN_DOCUMENTATION_COMMENTS = YES;
				CLANG_WARN_EMPTY_BODY = YES;
				CLANG_WARN_ENUM_CONVERSION = YES;
				CLANG_WARN_INFINITE_RECURSION = YES;
				CLANG_WARN_INT_CONVERSION = YES;
				CLANG_WARN_NON_LITERAL_NULL_CONVERSION = YES;
				CLANG_WARN_OBJC_IMPLICIT_RETAIN_SELF = YES;
				CLANG_WARN_OBJC_LITERAL_CONVERSION = YES;
				CLANG_WARN_OBJC_ROOT_CLASS = YES_ERROR;
				CLANG_WARN_RANGE_LOOP_ANALYSIS = YES;
				CLANG_WARN_STRICT_PROTOTYPES = YES;
				CLANG_WARN_SUSPICIOUS_MOVE = YES;
				CLANG_WARN_UNGUARDED_AVAILABILITY = YES_AGGRESSIVE;
				CLANG_WARN_UNREACHABLE_CODE = YES;
				CLANG_WARN__DUPLICATE_METHOD_MATCH = YES;
				CODE_SIGN_IDENTITY = "iPhone Developer";
				COPY_PHASE_STRIP = NO;
				DEBUG_INFORMATION_FORMAT = dwarf;
				ENABLE_STRICT_OBJC_MSGSEND = YES;
				ENABLE_TESTABILITY = YES;
				GCC_C_LANGUAGE_STANDARD = gnu11;
				GCC_DYNAMIC_NO_PIC = NO;
				GCC_NO_COMMON_BLOCKS = YES;
				GCC_OPTIMIZATION_LEVEL = 0;
				GCC_PREPROCESSOR_DEFINITIONS = (
					"DEBUG=1",
					"$(inherited)",
				);
				GCC_WARN_64_TO_32_BIT_CONVERSION = YES;
				GCC_WARN_ABOUT_RETURN_TYPE = YES_ERROR;
				GCC_WARN_UNDECLARED_SELECTOR = YES;
				GCC_WARN_UNINITIALIZED_AUTOS = YES_AGGRESSIVE;
				GCC_WARN_UNUSED_FUNCTION = YES;
				GCC_WARN_UNUSED_VARIABLE = YES;
				IPHONEOS_DEPLOYMENT_TARGET = 12.1;
				MTL_ENABLE_DEBUG_INFO = INCLUDE_SOURCE;
				MTL_FAST_MATH = YES;
				ONLY_ACTIVE_ARCH = YES;
				SDKROOT = iphoneos;
				SWIFT_ACTIVE_COMPILATION_CONDITIONS = DEBUG;
				SWIFT_OPTIMIZATION_LEVEL = "-Onone";
			};
			name = Debug;
		};
		216A163F220E203B00342707 /* Release */ = {
			isa = XCBuildConfiguration;
			buildSettings = {
				ALWAYS_SEARCH_USER_PATHS = NO;
				CLANG_ANALYZER_NONNULL = YES;
				CLANG_ANALYZER_NUMBER_OBJECT_CONVERSION = YES_AGGRESSIVE;
				CLANG_CXX_LANGUAGE_STANDARD = "gnu++14";
				CLANG_CXX_LIBRARY = "libc++";
				CLANG_ENABLE_MODULES = YES;
				CLANG_ENABLE_OBJC_ARC = YES;
				CLANG_ENABLE_OBJC_WEAK = YES;
				CLANG_WARN_BLOCK_CAPTURE_AUTORELEASING = YES;
				CLANG_WARN_BOOL_CONVERSION = YES;
				CLANG_WARN_COMMA = YES;
				CLANG_WARN_CONSTANT_CONVERSION = YES;
				CLANG_WARN_DEPRECATED_OBJC_IMPLEMENTATIONS = YES;
				CLANG_WARN_DIRECT_OBJC_ISA_USAGE = YES_ERROR;
				CLANG_WARN_DOCUMENTATION_COMMENTS = YES;
				CLANG_WARN_EMPTY_BODY = YES;
				CLANG_WARN_ENUM_CONVERSION = YES;
				CLANG_WARN_INFINITE_RECURSION = YES;
				CLANG_WARN_INT_CONVERSION = YES;
				CLANG_WARN_NON_LITERAL_NULL_CONVERSION = YES;
				CLANG_WARN_OBJC_IMPLICIT_RETAIN_SELF = YES;
				CLANG_WARN_OBJC_LITERAL_CONVERSION = YES;
				CLANG_WARN_OBJC_ROOT_CLASS = YES_ERROR;
				CLANG_WARN_RANGE_LOOP_ANALYSIS = YES;
				CLANG_WARN_STRICT_PROTOTYPES = YES;
				CLANG_WARN_SUSPICIOUS_MOVE = YES;
				CLANG_WARN_UNGUARDED_AVAILABILITY = YES_AGGRESSIVE;
				CLANG_WARN_UNREACHABLE_CODE = YES;
				CLANG_WARN__DUPLICATE_METHOD_MATCH = YES;
				CODE_SIGN_IDENTITY = "iPhone Developer";
				COPY_PHASE_STRIP = NO;
				DEBUG_INFORMATION_FORMAT = "dwarf-with-dsym";
				ENABLE_NS_ASSERTIONS = NO;
				ENABLE_STRICT_OBJC_MSGSEND = YES;
				GCC_C_LANGUAGE_STANDARD = gnu11;
				GCC_NO_COMMON_BLOCKS = YES;
				GCC_WARN_64_TO_32_BIT_CONVERSION = YES;
				GCC_WARN_ABOUT_RETURN_TYPE = YES_ERROR;
				GCC_WARN_UNDECLARED_SELECTOR = YES;
				GCC_WARN_UNINITIALIZED_AUTOS = YES_AGGRESSIVE;
				GCC_WARN_UNUSED_FUNCTION = YES;
				GCC_WARN_UNUSED_VARIABLE = YES;
				IPHONEOS_DEPLOYMENT_TARGET = 12.1;
				MTL_ENABLE_DEBUG_INFO = NO;
				MTL_FAST_MATH = YES;
				SDKROOT = iphoneos;
				SWIFT_COMPILATION_MODE = wholemodule;
				SWIFT_OPTIMIZATION_LEVEL = "-O";
				VALIDATE_PRODUCT = YES;
			};
			name = Release;
		};
		216A1641220E203B00342707 /* Debug */ = {
			isa = XCBuildConfiguration;
			baseConfigurationReference = 55D14E1E7BBC2E38FD0987A1 /* Pods-Tradition Keepers.debug.xcconfig */;
			buildSettings = {
				ASSETCATALOG_COMPILER_APPICON_NAME = AppIcon;
				ASSETCATALOG_COMPILER_LAUNCHIMAGE_NAME = LaunchImage;
				CODE_SIGN_STYLE = Automatic;
				DEVELOPMENT_TEAM = B3L9HWP3QN;
				INFOPLIST_FILE = "$(SRCROOT)/Tradition Keepers/Stuff/Info.plist";
				IPHONEOS_DEPLOYMENT_TARGET = 12.1;
				LD_RUNPATH_SEARCH_PATHS = (
					"$(inherited)",
					"@executable_path/Frameworks",
				);
				PRODUCT_BUNDLE_IDENTIFIER = "edu.etsu.Tradition-Keepers";
				PRODUCT_NAME = "$(TARGET_NAME)";
				SWIFT_VERSION = 4.2;
				TARGETED_DEVICE_FAMILY = 1;
			};
			name = Debug;
		};
		216A1642220E203B00342707 /* Release */ = {
			isa = XCBuildConfiguration;
			baseConfigurationReference = DA82508B167FE7B6B461D855 /* Pods-Tradition Keepers.release.xcconfig */;
			buildSettings = {
				ASSETCATALOG_COMPILER_APPICON_NAME = AppIcon;
				ASSETCATALOG_COMPILER_LAUNCHIMAGE_NAME = LaunchImage;
				CODE_SIGN_STYLE = Automatic;
				DEVELOPMENT_TEAM = B3L9HWP3QN;
				INFOPLIST_FILE = "$(SRCROOT)/Tradition Keepers/Stuff/Info.plist";
				IPHONEOS_DEPLOYMENT_TARGET = 12.1;
				LD_RUNPATH_SEARCH_PATHS = (
					"$(inherited)",
					"@executable_path/Frameworks",
				);
				PRODUCT_BUNDLE_IDENTIFIER = "edu.etsu.Tradition-Keepers";
				PRODUCT_NAME = "$(TARGET_NAME)";
				SWIFT_VERSION = 4.2;
				TARGETED_DEVICE_FAMILY = 1;
			};
			name = Release;
		};
		216A1644220E203B00342707 /* Debug */ = {
			isa = XCBuildConfiguration;
			baseConfigurationReference = 2244324DF98B6D4A624B79F2 /* Pods-Tradition KeepersTests.debug.xcconfig */;
			buildSettings = {
				ALWAYS_EMBED_SWIFT_STANDARD_LIBRARIES = YES;
				BUNDLE_LOADER = "$(TEST_HOST)";
				CODE_SIGN_STYLE = Automatic;
				DEVELOPMENT_TEAM = B3L9HWP3QN;
				INFOPLIST_FILE = "Tradition KeepersTests/Info.plist";
				LD_RUNPATH_SEARCH_PATHS = (
					"$(inherited)",
					"@executable_path/Frameworks",
					"@loader_path/Frameworks",
				);
				PRODUCT_BUNDLE_IDENTIFIER = "edu.etsu.Tradition-KeepersTests";
				PRODUCT_NAME = "$(TARGET_NAME)";
				SWIFT_VERSION = 4.2;
				TARGETED_DEVICE_FAMILY = "1,2";
				TEST_HOST = "$(BUILT_PRODUCTS_DIR)/Tradition Keepers.app/Tradition Keepers";
			};
			name = Debug;
		};
		216A1645220E203B00342707 /* Release */ = {
			isa = XCBuildConfiguration;
			baseConfigurationReference = 4E86EFED80C8EFD09DEF2C16 /* Pods-Tradition KeepersTests.release.xcconfig */;
			buildSettings = {
				ALWAYS_EMBED_SWIFT_STANDARD_LIBRARIES = YES;
				BUNDLE_LOADER = "$(TEST_HOST)";
				CODE_SIGN_STYLE = Automatic;
				DEVELOPMENT_TEAM = B3L9HWP3QN;
				INFOPLIST_FILE = "Tradition KeepersTests/Info.plist";
				LD_RUNPATH_SEARCH_PATHS = (
					"$(inherited)",
					"@executable_path/Frameworks",
					"@loader_path/Frameworks",
				);
				PRODUCT_BUNDLE_IDENTIFIER = "edu.etsu.Tradition-KeepersTests";
				PRODUCT_NAME = "$(TARGET_NAME)";
				SWIFT_VERSION = 4.2;
				TARGETED_DEVICE_FAMILY = "1,2";
				TEST_HOST = "$(BUILT_PRODUCTS_DIR)/Tradition Keepers.app/Tradition Keepers";
			};
			name = Release;
		};
		216A1647220E203B00342707 /* Debug */ = {
			isa = XCBuildConfiguration;
			baseConfigurationReference = 9D5DA92CCD985A59FB6EA6C8 /* Pods-Tradition KeepersUITests.debug.xcconfig */;
			buildSettings = {
				ALWAYS_EMBED_SWIFT_STANDARD_LIBRARIES = YES;
				CODE_SIGN_STYLE = Automatic;
				DEVELOPMENT_TEAM = B3L9HWP3QN;
				INFOPLIST_FILE = "Tradition KeepersUITests/Info.plist";
				LD_RUNPATH_SEARCH_PATHS = (
					"$(inherited)",
					"@executable_path/Frameworks",
					"@loader_path/Frameworks",
				);
				PRODUCT_BUNDLE_IDENTIFIER = "edu.etsu.Tradition-KeepersUITests";
				PRODUCT_NAME = "$(TARGET_NAME)";
				SWIFT_VERSION = 4.2;
				TARGETED_DEVICE_FAMILY = "1,2";
				TEST_TARGET_NAME = "Tradition Keepers";
			};
			name = Debug;
		};
		216A1648220E203B00342707 /* Release */ = {
			isa = XCBuildConfiguration;
			baseConfigurationReference = E71860861771B4BE6D07F90E /* Pods-Tradition KeepersUITests.release.xcconfig */;
			buildSettings = {
				ALWAYS_EMBED_SWIFT_STANDARD_LIBRARIES = YES;
				CODE_SIGN_STYLE = Automatic;
				DEVELOPMENT_TEAM = B3L9HWP3QN;
				INFOPLIST_FILE = "Tradition KeepersUITests/Info.plist";
				LD_RUNPATH_SEARCH_PATHS = (
					"$(inherited)",
					"@executable_path/Frameworks",
					"@loader_path/Frameworks",
				);
				PRODUCT_BUNDLE_IDENTIFIER = "edu.etsu.Tradition-KeepersUITests";
				PRODUCT_NAME = "$(TARGET_NAME)";
				SWIFT_VERSION = 4.2;
				TARGETED_DEVICE_FAMILY = "1,2";
				TEST_TARGET_NAME = "Tradition Keepers";
			};
			name = Release;
		};
/* End XCBuildConfiguration section */

/* Begin XCConfigurationList section */
		216A1610220E203900342707 /* Build configuration list for PBXProject "Tradition Keepers" */ = {
			isa = XCConfigurationList;
			buildConfigurations = (
				216A163E220E203B00342707 /* Debug */,
				216A163F220E203B00342707 /* Release */,
			);
			defaultConfigurationIsVisible = 0;
			defaultConfigurationName = Release;
		};
		216A1640220E203B00342707 /* Build configuration list for PBXNativeTarget "Tradition Keepers" */ = {
			isa = XCConfigurationList;
			buildConfigurations = (
				216A1641220E203B00342707 /* Debug */,
				216A1642220E203B00342707 /* Release */,
			);
			defaultConfigurationIsVisible = 0;
			defaultConfigurationName = Release;
		};
		216A1643220E203B00342707 /* Build configuration list for PBXNativeTarget "Tradition KeepersTests" */ = {
			isa = XCConfigurationList;
			buildConfigurations = (
				216A1644220E203B00342707 /* Debug */,
				216A1645220E203B00342707 /* Release */,
			);
			defaultConfigurationIsVisible = 0;
			defaultConfigurationName = Release;
		};
		216A1646220E203B00342707 /* Build configuration list for PBXNativeTarget "Tradition KeepersUITests" */ = {
			isa = XCConfigurationList;
			buildConfigurations = (
				216A1647220E203B00342707 /* Debug */,
				216A1648220E203B00342707 /* Release */,
			);
			defaultConfigurationIsVisible = 0;
			defaultConfigurationName = Release;
		};
/* End XCConfigurationList section */

/* Begin XCVersionGroup section */
		216A161F220E203900342707 /* Tradition_Keepers.xcdatamodeld */ = {
			isa = XCVersionGroup;
			children = (
				216A1620220E203900342707 /* Tradition_Keepers.xcdatamodel */,
			);
			currentVersion = 216A1620220E203900342707 /* Tradition_Keepers.xcdatamodel */;
			path = Tradition_Keepers.xcdatamodeld;
			sourceTree = "<group>";
			versionGroupType = wrapper.xcdatamodel;
		};
/* End XCVersionGroup section */
	};
	rootObject = 216A160D220E203900342707 /* Project object */;
}
